// !$*UTF8*$!
{
	archiveVersion = 1;
	classes = {
	};
	objectVersion = 55;
	objects = {

/* Begin PBXBuildFile section */
		D9112F1E283CDB4800B61A4D /* AppDelegate.swift in Sources */ = {isa = PBXBuildFile; fileRef = D9112F1D283CDB4800B61A4D /* AppDelegate.swift */; };
		D9112F20283CDB4800B61A4D /* SceneDelegate.swift in Sources */ = {isa = PBXBuildFile; fileRef = D9112F1F283CDB4800B61A4D /* SceneDelegate.swift */; };
		D9112F22283CDB4800B61A4D /* ViewController.swift in Sources */ = {isa = PBXBuildFile; fileRef = D9112F21283CDB4800B61A4D /* ViewController.swift */; };
		D9112F25283CDB4800B61A4D /* Main.storyboard in Resources */ = {isa = PBXBuildFile; fileRef = D9112F23283CDB4800B61A4D /* Main.storyboard */; };
		D9112F27283CDB4A00B61A4D /* Assets.xcassets in Resources */ = {isa = PBXBuildFile; fileRef = D9112F26283CDB4A00B61A4D /* Assets.xcassets */; };
		D9112F2A283CDB4A00B61A4D /* LaunchScreen.storyboard in Resources */ = {isa = PBXBuildFile; fileRef = D9112F28283CDB4A00B61A4D /* LaunchScreen.storyboard */; };
		D9112F34283CE25500B61A4D /* AddressCell.swift in Sources */ = {isa = PBXBuildFile; fileRef = D9112F32283CE25500B61A4D /* AddressCell.swift */; };
		D9112F35283CE25500B61A4D /* AddressCell.xib in Resources */ = {isa = PBXBuildFile; fileRef = D9112F33283CE25500B61A4D /* AddressCell.xib */; };
		D9112F3A283CE7D700B61A4D /* SliderCell.swift in Sources */ = {isa = PBXBuildFile; fileRef = D9112F38283CE7D700B61A4D /* SliderCell.swift */; };
		D9112F3B283CE7D700B61A4D /* SliderCell.xib in Resources */ = {isa = PBXBuildFile; fileRef = D9112F39283CE7D700B61A4D /* SliderCell.xib */; };
/* End PBXBuildFile section */

/* Begin PBXFileReference section */
		D9112F1A283CDB4800B61A4D /* UIDesign.app */ = {isa = PBXFileReference; explicitFileType = wrapper.application; includeInIndex = 0; path = UIDesign.app; sourceTree = BUILT_PRODUCTS_DIR; };
		D9112F1D283CDB4800B61A4D /* AppDelegate.swift */ = {isa = PBXFileReference; lastKnownFileType = sourcecode.swift; path = AppDelegate.swift; sourceTree = "<group>"; };
		D9112F1F283CDB4800B61A4D /* SceneDelegate.swift */ = {isa = PBXFileReference; lastKnownFileType = sourcecode.swift; path = SceneDelegate.swift; sourceTree = "<group>"; };
		D9112F21283CDB4800B61A4D /* ViewController.swift */ = {isa = PBXFileReference; lastKnownFileType = sourcecode.swift; path = ViewController.swift; sourceTree = "<group>"; };
		D9112F24283CDB4800B61A4D /* Base */ = {isa = PBXFileReference; lastKnownFileType = file.storyboard; name = Base; path = Base.lproj/Main.storyboard; sourceTree = "<group>"; };
		D9112F26283CDB4A00B61A4D /* Assets.xcassets */ = {isa = PBXFileReference; lastKnownFileType = folder.assetcatalog; path = Assets.xcassets; sourceTree = "<group>"; };
		D9112F29283CDB4A00B61A4D /* Base */ = {isa = PBXFileReference; lastKnownFileType = file.storyboard; name = Base; path = Base.lproj/LaunchScreen.storyboard; sourceTree = "<group>"; };
		D9112F2B283CDB4A00B61A4D /* Info.plist */ = {isa = PBXFileReference; lastKnownFileType = text.plist.xml; path = Info.plist; sourceTree = "<group>"; };
		D9112F32283CE25500B61A4D /* AddressCell.swift */ = {isa = PBXFileReference; lastKnownFileType = sourcecode.swift; path = AddressCell.swift; sourceTree = "<group>"; };
		D9112F33283CE25500B61A4D /* AddressCell.xib */ = {isa = PBXFileReference; lastKnownFileType = file.xib; path = AddressCell.xib; sourceTree = "<group>"; };
		D9112F38283CE7D700B61A4D /* SliderCell.swift */ = {isa = PBXFileReference; lastKnownFileType = sourcecode.swift; path = SliderCell.swift; sourceTree = "<group>"; };
		D9112F39283CE7D700B61A4D /* SliderCell.xib */ = {isa = PBXFileReference; lastKnownFileType = file.xib; path = SliderCell.xib; sourceTree = "<group>"; };
/* End PBXFileReference section */

/* Begin PBXFrameworksBuildPhase section */
		D9112F17283CDB4800B61A4D /* Frameworks */ = {
			isa = PBXFrameworksBuildPhase;
			buildActionMask = 2147483647;
			files = (
			);
			runOnlyForDeploymentPostprocessing = 0;
		};
/* End PBXFrameworksBuildPhase section */

/* Begin PBXGroup section */
		D9112F11283CDB4800B61A4D = {
			isa = PBXGroup;
			children = (
				D9112F1C283CDB4800B61A4D /* UIDesign */,
				D9112F1B283CDB4800B61A4D /* Products */,
			);
			sourceTree = "<group>";
		};
		D9112F1B283CDB4800B61A4D /* Products */ = {
			isa = PBXGroup;
			children = (
				D9112F1A283CDB4800B61A4D /* UIDesign.app */,
			);
			name = Products;
			sourceTree = "<group>";
		};
		D9112F1C283CDB4800B61A4D /* UIDesign */ = {
			isa = PBXGroup;
			children = (
				D9112F31283CE23600B61A4D /* Table Cells */,
				D9112F1D283CDB4800B61A4D /* AppDelegate.swift */,
				D9112F1F283CDB4800B61A4D /* SceneDelegate.swift */,
				D9112F21283CDB4800B61A4D /* ViewController.swift */,
				D9112F23283CDB4800B61A4D /* Main.storyboard */,
				D9112F26283CDB4A00B61A4D /* Assets.xcassets */,
				D9112F28283CDB4A00B61A4D /* LaunchScreen.storyboard */,
				D9112F2B283CDB4A00B61A4D /* Info.plist */,
			);
			path = UIDesign;
			sourceTree = "<group>";
		};
		D9112F31283CE23600B61A4D /* Table Cells */ = {
			isa = PBXGroup;
			children = (
				D9112F37283CE7BE00B61A4D /* Slider Cell */,
				D9112F36283CE26600B61A4D /* Address Cell */,
			);
			path = "Table Cells";
			sourceTree = "<group>";
		};
		D9112F36283CE26600B61A4D /* Address Cell */ = {
			isa = PBXGroup;
			children = (
				D9112F32283CE25500B61A4D /* AddressCell.swift */,
				D9112F33283CE25500B61A4D /* AddressCell.xib */,
			);
			path = "Address Cell";
			sourceTree = "<group>";
		};
		D9112F37283CE7BE00B61A4D /* Slider Cell */ = {
			isa = PBXGroup;
			children = (
				D9112F38283CE7D700B61A4D /* SliderCell.swift */,
				D9112F39283CE7D700B61A4D /* SliderCell.xib */,
			);
			path = "Slider Cell";
			sourceTree = "<group>";
		};
/* End PBXGroup section */

/* Begin PBXNativeTarget section */
		D9112F19283CDB4800B61A4D /* UIDesign */ = {
			isa = PBXNativeTarget;
			buildConfigurationList = D9112F2E283CDB4A00B61A4D /* Build configuration list for PBXNativeTarget "UIDesign" */;
			buildPhases = (
				D9112F16283CDB4800B61A4D /* Sources */,
				D9112F17283CDB4800B61A4D /* Frameworks */,
				D9112F18283CDB4800B61A4D /* Resources */,
			);
			buildRules = (
			);
			dependencies = (
			);
			name = UIDesign;
			productName = UIDesign;
			productReference = D9112F1A283CDB4800B61A4D /* UIDesign.app */;
			productType = "com.apple.product-type.application";
		};
/* End PBXNativeTarget section */

/* Begin PBXProject section */
		D9112F12283CDB4800B61A4D /* Project object */ = {
			isa = PBXProject;
			attributes = {
				BuildIndependentTargetsInParallel = 1;
				LastSwiftUpdateCheck = 1300;
				LastUpgradeCheck = 1300;
				TargetAttributes = {
					D9112F19283CDB4800B61A4D = {
						CreatedOnToolsVersion = 13.0;
					};
				};
			};
			buildConfigurationList = D9112F15283CDB4800B61A4D /* Build configuration list for PBXProject "UIDesign" */;
			compatibilityVersion = "Xcode 13.0";
			developmentRegion = en;
			hasScannedForEncodings = 0;
			knownRegions = (
				en,
				Base,
			);
			mainGroup = D9112F11283CDB4800B61A4D;
			productRefGroup = D9112F1B283CDB4800B61A4D /* Products */;
			projectDirPath = "";
			projectRoot = "";
			targets = (
				D9112F19283CDB4800B61A4D /* UIDesign */,
			);
		};
/* End PBXProject section */

/* Begin PBXResourcesBuildPhase section */
		D9112F18283CDB4800B61A4D /* Resources */ = {
			isa = PBXResourcesBuildPhase;
			buildActionMask = 2147483647;
			files = (
				D9112F2A283CDB4A00B61A4D /* LaunchScreen.storyboard in Resources */,
				D9112F27283CDB4A00B61A4D /* Assets.xcassets in Resources */,
				D9112F3B283CE7D700B61A4D /* SliderCell.xib in Resources */,
				D9112F35283CE25500B61A4D /* AddressCell.xib in Resources */,
				D9112F25283CDB4800B61A4D /* Main.storyboard in Resources */,
			);
			runOnlyForDeploymentPostprocessing = 0;
		};
/* End PBXResourcesBuildPhase section */

/* Begin PBXSourcesBuildPhase section */
		D9112F16283CDB4800B61A4D /* Sources */ = {
			isa = PBXSourcesBuildPhase;
			buildActionMask = 2147483647;
			files = (
				D9112F22283CDB4800B61A4D /* ViewController.swift in Sources */,
				D9112F3A283CE7D700B61A4D /* SliderCell.swift in Sources */,
				D9112F1E283CDB4800B61A4D /* AppDelegate.swift in Sources */,
				D9112F34283CE25500B61A4D /* AddressCell.swift in Sources */,
				D9112F20283CDB4800B61A4D /* SceneDelegate.swift in Sources */,
			);
			runOnlyForDeploymentPostprocessing = 0;
		};
/* End PBXSourcesBuildPhase section */

/* Begin PBXVariantGroup section */
		D9112F23283CDB4800B61A4D /* Main.storyboard */ = {
			isa = PBXVariantGroup;
			children = (
				D9112F24283CDB4800B61A4D /* Base */,
			);
			name = Main.storyboard;
			sourceTree = "<group>";
		};
		D9112F28283CDB4A00B61A4D /* LaunchScreen.storyboard */ = {
			isa = PBXVariantGroup;
			children = (
				D9112F29283CDB4A00B61A4D /* Base */,
			);
			name = LaunchScreen.storyboard;
			sourceTree = "<group>";
		};
/* End PBXVariantGroup section */

/* Begin XCBuildConfiguration section */
		D9112F2C283CDB4A00B61A4D /* Debug */ = {
			isa = XCBuildConfiguration;
			buildSettings = {
				ALWAYS_SEARCH_USER_PATHS = NO;
				CLANG_ANALYZER_NONNULL = YES;
				CLANG_ANALYZER_NUMBER_OBJECT_CONVERSION = YES_AGGRESSIVE;
				CLANG_CXX_LANGUAGE_STANDARD = "gnu++17";
				CLANG_CXX_LIBRARY = "libc++";
				CLANG_ENABLE_MODULES = YES;
				CLANG_ENABLE_OBJC_ARC = YES;
				CLANG_ENABLE_OBJC_WEAK = YES;
				CLANG_WARN_BLOCK_CAPTURE_AUTORELEASING = YES;
				CLANG_WARN_BOOL_CONVERSION = YES;
				CLANG_WARN_COMMA = YES;
				CLANG_WARN_CONSTANT_CONVERSION = YES;
				CLANG_WARN_DEPRECATED_OBJC_IMPLEMENTATIONS = YES;
				CLANG_WARN_DIRECT_OBJC_ISA_USAGE = YES_ERROR;
				CLANG_WARN_DOCUMENTATION_COMMENTS = YES;
				CLANG_WARN_EMPTY_BODY = YES;
				CLANG_WARN_ENUM_CONVERSION = YES;
				CLANG_WARN_INFINITE_RECURSION = YES;
				CLANG_WARN_INT_CONVERSION = YES;
				CLANG_WARN_NON_LITERAL_NULL_CONVERSION = YES;
				CLANG_WARN_OBJC_IMPLICIT_RETAIN_SELF = YES;
				CLANG_WARN_OBJC_LITERAL_CONVERSION = YES;
				CLANG_WARN_OBJC_ROOT_CLASS = YES_ERROR;
				CLANG_WARN_QUOTED_INCLUDE_IN_FRAMEWORK_HEADER = YES;
				CLANG_WARN_RANGE_LOOP_ANALYSIS = YES;
				CLANG_WARN_STRICT_PROTOTYPES = YES;
				CLANG_WARN_SUSPICIOUS_MOVE = YES;
				CLANG_WARN_UNGUARDED_AVAILABILITY = YES_AGGRESSIVE;
				CLANG_WARN_UNREACHABLE_CODE = YES;
				CLANG_WARN__DUPLICATE_METHOD_MATCH = YES;
				COPY_PHASE_STRIP = NO;
				DEBUG_INFORMATION_FORMAT = dwarf;
				ENABLE_STRICT_OBJC_MSGSEND = YES;
				ENABLE_TESTABILITY = YES;
				GCC_C_LANGUAGE_STANDARD = gnu11;
				GCC_DYNAMIC_NO_PIC = NO;
				GCC_NO_COMMON_BLOCKS = YES;
				GCC_OPTIMIZATION_LEVEL = 0;
				GCC_PREPROCESSOR_DEFINITIONS = (
					"DEBUG=1",
					"$(inherited)",
				);
				GCC_WARN_64_TO_32_BIT_CONVERSION = YES;
				GCC_WARN_ABOUT_RETURN_TYPE = YES_ERROR;
				GCC_WARN_UNDECLARED_SELECTOR = YES;
				GCC_WARN_UNINITIALIZED_AUTOS = YES_AGGRESSIVE;
				GCC_WARN_UNUSED_FUNCTION = YES;
				GCC_WARN_UNUSED_VARIABLE = YES;
				IPHONEOS_DEPLOYMENT_TARGET = 15.0;
				MTL_ENABLE_DEBUG_INFO = INCLUDE_SOURCE;
				MTL_FAST_MATH = YES;
				ONLY_ACTIVE_ARCH = YES;
				SDKROOT = iphoneos;
				SWIFT_ACTIVE_COMPILATION_CONDITIONS = DEBUG;
				SWIFT_OPTIMIZATION_LEVEL = "-Onone";
			};
			name = Debug;
		};
		D9112F2D283CDB4A00B61A4D /* Release */ = {
			isa = XCBuildConfiguration;
			buildSettings = {
				ALWAYS_SEARCH_USER_PATHS = NO;
				CLANG_ANALYZER_NONNULL = YES;
				CLANG_ANALYZER_NUMBER_OBJECT_CONVERSION = YES_AGGRESSIVE;
				CLANG_CXX_LANGUAGE_STANDARD = "gnu++17";
				CLANG_CXX_LIBRARY = "libc++";
				CLANG_ENABLE_MODULES = YES;
				CLANG_ENABLE_OBJC_ARC = YES;
				CLANG_ENABLE_OBJC_WEAK = YES;
				CLANG_WARN_BLOCK_CAPTURE_AUTORELEASING = YES;
				CLANG_WARN_BOOL_CONVERSION = YES;
				CLANG_WARN_COMMA = YES;
				CLANG_WARN_CONSTANT_CONVERSION = YES;
				CLANG_WARN_DEPRECATED_OBJC_IMPLEMENTATIONS = YES;
				CLANG_WARN_DIRECT_OBJC_ISA_USAGE = YES_ERROR;
				CLANG_WARN_DOCUMENTATION_COMMENTS = YES;
				CLANG_WARN_EMPTY_BODY = YES;
				CLANG_WARN_ENUM_CONVERSION = YES;
				CLANG_WARN_INFINITE_RECURSION = YES;
				CLANG_WARN_INT_CONVERSION = YES;
				CLANG_WARN_NON_LITERAL_NULL_CONVERSION = YES;
				CLANG_WARN_OBJC_IMPLICIT_RETAIN_SELF = YES;
				CLANG_WARN_OBJC_LITERAL_CONVERSION = YES;
				CLANG_WARN_OBJC_ROOT_CLASS = YES_ERROR;
				CLANG_WARN_QUOTED_INCLUDE_IN_FRAMEWORK_HEADER = YES;
				CLANG_WARN_RANGE_LOOP_ANALYSIS = YES;
				CLANG_WARN_STRICT_PROTOTYPES = YES;
				CLANG_WARN_SUSPICIOUS_MOVE = YES;
				CLANG_WARN_UNGUARDED_AVAILABILITY = YES_AGGRESSIVE;
				CLANG_WARN_UNREACHABLE_CODE = YES;
				CLANG_WARN__DUPLICATE_METHOD_MATCH = YES;
				COPY_PHASE_STRIP = NO;
				DEBUG_INFORMATION_FORMAT = "dwarf-with-dsym";
				ENABLE_NS_ASSERTIONS = NO;
				ENABLE_STRICT_OBJC_MSGSEND = YES;
				GCC_C_LANGUAGE_STANDARD = gnu11;
				GCC_NO_COMMON_BLOCKS = YES;
				GCC_WARN_64_TO_32_BIT_CONVERSION = YES;
				GCC_WARN_ABOUT_RETURN_TYPE = YES_ERROR;
				GCC_WARN_UNDECLARED_SELECTOR = YES;
				GCC_WARN_UNINITIALIZED_AUTOS = YES_AGGRESSIVE;
				GCC_WARN_UNUSED_FUNCTION = YES;
				GCC_WARN_UNUSED_VARIABLE = YES;
				IPHONEOS_DEPLOYMENT_TARGET = 15.0;
				MTL_ENABLE_DEBUG_INFO = NO;
				MTL_FAST_MATH = YES;
				SDKROOT = iphoneos;
				SWIFT_COMPILATION_MODE = wholemodule;
				SWIFT_OPTIMIZATION_LEVEL = "-O";
				VALIDATE_PRODUCT = YES;
			};
			name = Release;
		};
		D9112F2F283CDB4A00B61A4D /* Debug */ = {
			isa = XCBuildConfiguration;
			buildSettings = {
				ASSETCATALOG_COMPILER_APPICON_NAME = AppIcon;
				ASSETCATALOG_COMPILER_GLOBAL_ACCENT_COLOR_NAME = AccentColor;
				CODE_SIGN_STYLE = Automatic;
				CURRENT_PROJECT_VERSION = 1;
				DEVELOPMENT_TEAM = M63UDXQC5B;
				GENERATE_INFOPLIST_FILE = YES;
				INFOPLIST_FILE = UIDesign/Info.plist;
				INFOPLIST_KEY_UIApplicationSupportsIndirectInputEvents = YES;
				INFOPLIST_KEY_UILaunchStoryboardName = LaunchScreen;
				INFOPLIST_KEY_UIMainStoryboardFile = Main;
				INFOPLIST_KEY_UISupportedInterfaceOrientations_iPad = "UIInterfaceOrientationPortrait UIInterfaceOrientationPortraitUpsideDown UIInterfaceOrientationLandscapeLeft UIInterfaceOrientationLandscapeRight";
				INFOPLIST_KEY_UISupportedInterfaceOrientations_iPhone = "UIInterfaceOrientationPortrait UIInterfaceOrientationLandscapeLeft UIInterfaceOrientationLandscapeRight";
				IPHONEOS_DEPLOYMENT_TARGET = 13.0;
				LD_RUNPATH_SEARCH_PATHS = (
					"$(inherited)",
					"@executable_path/Frameworks",
				);
				MARKETING_VERSION = 1.0;
				PRODUCT_BUNDLE_IDENTIFIER = com.myanmy.UIDesign;
				PRODUCT_NAME = "$(TARGET_NAME)";
				SWIFT_EMIT_LOC_STRINGS = YES;
				SWIFT_VERSION = 5.0;
				TARGETED_DEVICE_FAMILY = "1,2";
			};
			name = Debug;
		};
		D9112F30283CDB4A00B61A4D /* Release */ = {
			isa = XCBuildConfiguration;
			buildSettings = {
				ASSETCATALOG_COMPILER_APPICON_NAME = AppIcon;
				ASSETCATALOG_COMPILER_GLOBAL_ACCENT_COLOR_NAME = AccentColor;
				CODE_SIGN_STYLE = Automatic;
				CURRENT_PROJECT_VERSION = 1;
				DEVELOPMENT_TEAM = M63UDXQC5B;
				GENERATE_INFOPLIST_FILE = YES;
				INFOPLIST_FILE = UIDesign/Info.plist;
				INFOPLIST_KEY_UIApplicationSupportsIndirectInputEvents = YES;
				INFOPLIST_KEY_UILaunchStoryboardName = LaunchScreen;
				INFOPLIST_KEY_UIMainStoryboardFile = Main;
				INFOPLIST_KEY_UISupportedInterfaceOrientations_iPad = "UIInterfaceOrientationPortrait UIInterfaceOrientationPortraitUpsideDown UIInterfaceOrientationLandscapeLeft UIInterfaceOrientationLandscapeRight";
				INFOPLIST_KEY_UISupportedInterfaceOrientations_iPhone = "UIInterfaceOrientationPortrait UIInterfaceOrientationLandscapeLeft UIInterfaceOrientationLandscapeRight";
				IPHONEOS_DEPLOYMENT_TARGET = 13.0;
				LD_RUNPATH_SEARCH_PATHS = (
					"$(inherited)",
					"@executable_path/Frameworks",
				);
				MARKETING_VERSION = 1.0;
				PRODUCT_BUNDLE_IDENTIFIER = com.myanmy.UIDesign;
				PRODUCT_NAME = "$(TARGET_NAME)";
				SWIFT_EMIT_LOC_STRINGS = YES;
				SWIFT_VERSION = 5.0;
				TARGETED_DEVICE_FAMILY = "1,2";
			};
			name = Release;
		};
/* End XCBuildConfiguration section */

/* Begin XCConfigurationList section */
		D9112F15283CDB4800B61A4D /* Build configuration list for PBXProject "UIDesign" */ = {
			isa = XCConfigurationList;
			buildConfigurations = (
				D9112F2C283CDB4A00B61A4D /* Debug */,
				D9112F2D283CDB4A00B61A4D /* Release */,
			);
			defaultConfigurationIsVisible = 0;
			defaultConfigurationName = Release;
		};
		D9112F2E283CDB4A00B61A4D /* Build configuration list for PBXNativeTarget "UIDesign" */ = {
			isa = XCConfigurationList;
			buildConfigurations = (
				D9112F2F283CDB4A00B61A4D /* Debug */,
				D9112F30283CDB4A00B61A4D /* Release */,
			);
			defaultConfigurationIsVisible = 0;
			defaultConfigurationName = Release;
		};
/* End XCConfigurationList section */
	};
	rootObject = D9112F12283CDB4800B61A4D /* Project object */;
}
